
Microsoft Visual Studio Solution File, Format Version 12.00
Project("{2150E333-8FDC-42A3-9474-1A3956D46DE8}") = "src", "src", "{A54E28A9-BFB5-4FA9-8226-A747B8CED4CF}"
EndProject
Project("{2150E333-8FDC-42A3-9474-1A3956D46DE8}") = "tests", "tests", "{BF1D5F3E-DCB6-4204-B836-A7DD5AAEEF47}"
EndProject
Project("{FAE04EC0-301F-11D3-BF4B-00C04F79EFBC}") = "Domain", "src\Domain\Domain.csproj", "{D19E91BF-AC9D-4919-A975-E8B8FA9D46E3}"
EndProject
Project("{FAE04EC0-301F-11D3-BF4B-00C04F79EFBC}") = "Application", "src\Application\Application.csproj", "{6F9AD7A7-C1B4-4088-BF0E-2E77CFB80A9C}"
EndProject
Project("{FAE04EC0-301F-11D3-BF4B-00C04F79EFBC}") = "Infrastructure", "src\Infrastructure\Infrastructure.csproj", "{4FD07D7C-6ADB-4A3A-94B0-D97AAEC419A0}"
EndProject
Project("{FAE04EC0-301F-11D3-BF4B-00C04F79EFBC}") = "WebUI", "src\WebUI\WebUI.csproj", "{651DABB4-D792-49E9-A2A5-9A1BE2FACD88}"
EndProject
Project("{FAE04EC0-301F-11D3-BF4B-00C04F79EFBC}") = "Domain.UnitTests", "tests\Domain.UnitTests\Domain.UnitTests.csproj", "{B197BCB7-6BA9-46C0-BDD2-888045A79412}"
EndProject
Project("{FAE04EC0-301F-11D3-BF4B-00C04F79EFBC}") = "Application.UnitTests", "tests\Application.UnitTests\Application.UnitTests.csproj", "{A09CAC5B-EA5B-46C2-92B5-56C181BF5AB3}"
EndProject
Global
	GlobalSection(SolutionConfigurationPlatforms) = preSolution
		Debug|Any CPU = Debug|Any CPU
		Release|Any CPU = Release|Any CPU
	EndGlobalSection
	GlobalSection(NestedProjects) = preSolution
		{D19E91BF-AC9D-4919-A975-E8B8FA9D46E3} = {A54E28A9-BFB5-4FA9-8226-A747B8CED4CF}
		{6F9AD7A7-C1B4-4088-BF0E-2E77CFB80A9C} = {A54E28A9-BFB5-4FA9-8226-A747B8CED4CF}
		{4FD07D7C-6ADB-4A3A-94B0-D97AAEC419A0} = {A54E28A9-BFB5-4FA9-8226-A747B8CED4CF}
		{651DABB4-D792-49E9-A2A5-9A1BE2FACD88} = {A54E28A9-BFB5-4FA9-8226-A747B8CED4CF}
		{B197BCB7-6BA9-46C0-BDD2-888045A79412} = {BF1D5F3E-DCB6-4204-B836-A7DD5AAEEF47}
		{A09CAC5B-EA5B-46C2-92B5-56C181BF5AB3} = {BF1D5F3E-DCB6-4204-B836-A7DD5AAEEF47}
	EndGlobalSection
	GlobalSection(ProjectConfigurationPlatforms) = postSolution
		{D19E91BF-AC9D-4919-A975-E8B8FA9D46E3}.Debug|Any CPU.ActiveCfg = Debug|Any CPU
		{D19E91BF-AC9D-4919-A975-E8B8FA9D46E3}.Debug|Any CPU.Build.0 = Debug|Any CPU
		{D19E91BF-AC9D-4919-A975-E8B8FA9D46E3}.Release|Any CPU.ActiveCfg = Release|Any CPU
		{D19E91BF-AC9D-4919-A975-E8B8FA9D46E3}.Release|Any CPU.Build.0 = Release|Any CPU
		{6F9AD7A7-C1B4-4088-BF0E-2E77CFB80A9C}.Debug|Any CPU.ActiveCfg = Debug|Any CPU
		{6F9AD7A7-C1B4-4088-BF0E-2E77CFB80A9C}.Debug|Any CPU.Build.0 = Debug|Any CPU
		{6F9AD7A7-C1B4-4088-BF0E-2E77CFB80A9C}.Release|Any CPU.ActiveCfg = Release|Any CPU
		{6F9AD7A7-C1B4-4088-BF0E-2E77CFB80A9C}.Release|Any CPU.Build.0 = Release|Any CPU
		{4FD07D7C-6ADB-4A3A-94B0-D97AAEC419A0}.Debug|Any CPU.ActiveCfg = Debug|Any CPU
		{4FD07D7C-6ADB-4A3A-94B0-D97AAEC419A0}.Debug|Any CPU.Build.0 = Debug|Any CPU
		{4FD07D7C-6ADB-4A3A-94B0-D97AAEC419A0}.Release|Any CPU.ActiveCfg = Release|Any CPU
		{4FD07D7C-6ADB-4A3A-94B0-D97AAEC419A0}.Release|Any CPU.Build.0 = Release|Any CPU
		{651DABB4-D792-49E9-A2A5-9A1BE2FACD88}.Debug|Any CPU.ActiveCfg = Debug|Any CPU
		{651DABB4-D792-49E9-A2A5-9A1BE2FACD88}.Debug|Any CPU.Build.0 = Debug|Any CPU
		{651DABB4-D792-49E9-A2A5-9A1BE2FACD88}.Release|Any CPU.ActiveCfg = Release|Any CPU
		{651DABB4-D792-49E9-A2A5-9A1BE2FACD88}.Release|Any CPU.Build.0 = Release|Any CPU
		{B197BCB7-6BA9-46C0-BDD2-888045A79412}.Debug|Any CPU.ActiveCfg = Debug|Any CPU
		{B197BCB7-6BA9-46C0-BDD2-888045A79412}.Debug|Any CPU.Build.0 = Debug|Any CPU
		{B197BCB7-6BA9-46C0-BDD2-888045A79412}.Release|Any CPU.ActiveCfg = Release|Any CPU
		{B197BCB7-6BA9-46C0-BDD2-888045A79412}.Release|Any CPU.Build.0 = Release|Any CPU
		{A09CAC5B-EA5B-46C2-92B5-56C181BF5AB3}.Debug|Any CPU.ActiveCfg = Debug|Any CPU
		{A09CAC5B-EA5B-46C2-92B5-56C181BF5AB3}.Debug|Any CPU.Build.0 = Debug|Any CPU
		{A09CAC5B-EA5B-46C2-92B5-56C181BF5AB3}.Release|Any CPU.ActiveCfg = Release|Any CPU
		{A09CAC5B-EA5B-46C2-92B5-56C181BF5AB3}.Release|Any CPU.Build.0 = Release|Any CPU
	EndGlobalSection
EndGlobal
